
Microsoft Visual Studio Solution File, Format Version 12.00
# Visual Studio 14
VisualStudioVersion = 14.0.25420.1
MinimumVisualStudioVersion = 10.0.40219.1
Project("{FAE04EC0-301F-11D3-BF4B-00C04F79EFBC}") = "XFMasterDetailDemo.Droid", "XFMasterDetailDemo\XFMasterDetailDemo.Droid\XFMasterDetailDemo.Droid.csproj", "{AAE92E01-5CA1-4E0D-A982-1422356697E9}"
EndProject
Project("{FAE04EC0-301F-11D3-BF4B-00C04F79EFBC}") = "XFMasterDetailDemo.iOS", "XFMasterDetailDemo\XFMasterDetailDemo.iOS\XFMasterDetailDemo.iOS.csproj", "{E340EE78-2A27-4423-BAA3-203C1873A114}"
EndProject
Project("{FAE04EC0-301F-11D3-BF4B-00C04F79EFBC}") = "XFMasterDetailDemo", "XFMasterDetailDemo\XFMasterDetailDemo\XFMasterDetailDemo.csproj", "{2A49835B-F196-4EA9-9E8A-62EADE757486}"
EndProject
Global
	GlobalSection(SolutionConfigurationPlatforms) = preSolution
		Ad-Hoc|Any CPU = Ad-Hoc|Any CPU
		Ad-Hoc|ARM = Ad-Hoc|ARM
		Ad-Hoc|iPhone = Ad-Hoc|iPhone
		Ad-Hoc|iPhoneSimulator = Ad-Hoc|iPhoneSimulator
		Ad-Hoc|x64 = Ad-Hoc|x64
		Ad-Hoc|x86 = Ad-Hoc|x86
		AppStore|Any CPU = AppStore|Any CPU
		AppStore|ARM = AppStore|ARM
		AppStore|iPhone = AppStore|iPhone
		AppStore|iPhoneSimulator = AppStore|iPhoneSimulator
		AppStore|x64 = AppStore|x64
		AppStore|x86 = AppStore|x86
		Debug|Any CPU = Debug|Any CPU
		Debug|ARM = Debug|ARM
		Debug|iPhone = Debug|iPhone
		Debug|iPhoneSimulator = Debug|iPhoneSimulator
		Debug|x64 = Debug|x64
		Debug|x86 = Debug|x86
		Release|Any CPU = Release|Any CPU
		Release|ARM = Release|ARM
		Release|iPhone = Release|iPhone
		Release|iPhoneSimulator = Release|iPhoneSimulator
		Release|x64 = Release|x64
		Release|x86 = Release|x86
	EndGlobalSection
	GlobalSection(ProjectConfigurationPlatforms) = postSolution
		{AAE92E01-5CA1-4E0D-A982-1422356697E9}.Ad-Hoc|Any CPU.ActiveCfg = Release|Any CPU
		{AAE92E01-5CA1-4E0D-A982-1422356697E9}.Ad-Hoc|Any CPU.Build.0 = Release|Any CPU
		{AAE92E01-5CA1-4E0D-A982-1422356697E9}.Ad-Hoc|Any CPU.Deploy.0 = Release|Any CPU
		{AAE92E01-5CA1-4E0D-A982-1422356697E9}.Ad-Hoc|ARM.ActiveCfg = Release|Any CPU
		{AAE92E01-5CA1-4E0D-A982-1422356697E9}.Ad-Hoc|ARM.Build.0 = Release|Any CPU
		{AAE92E01-5CA1-4E0D-A982-1422356697E9}.Ad-Hoc|ARM.Deploy.0 = Release|Any CPU
		{AAE92E01-5CA1-4E0D-A982-1422356697E9}.Ad-Hoc|iPhone.ActiveCfg = Release|Any CPU
		{AAE92E01-5CA1-4E0D-A982-1422356697E9}.Ad-Hoc|iPhone.Build.0 = Release|Any CPU
		{AAE92E01-5CA1-4E0D-A982-1422356697E9}.Ad-Hoc|iPhone.Deploy.0 = Release|Any CPU
		{AAE92E01-5CA1-4E0D-A982-1422356697E9}.Ad-Hoc|iPhoneSimulator.ActiveCfg = Release|Any CPU
		{AAE92E01-5CA1-4E0D-A982-1422356697E9}.Ad-Hoc|iPhoneSimulator.Build.0 = Release|Any CPU
		{AAE92E01-5CA1-4E0D-A982-1422356697E9}.Ad-Hoc|iPhoneSimulator.Deploy.0 = Release|Any CPU
		{AAE92E01-5CA1-4E0D-A982-1422356697E9}.Ad-Hoc|x64.ActiveCfg = Release|Any CPU
		{AAE92E01-5CA1-4E0D-A982-1422356697E9}.Ad-Hoc|x64.Build.0 = Release|Any CPU
		{AAE92E01-5CA1-4E0D-A982-1422356697E9}.Ad-Hoc|x64.Deploy.0 = Release|Any CPU
		{AAE92E01-5CA1-4E0D-A982-1422356697E9}.Ad-Hoc|x86.ActiveCfg = Release|Any CPU
		{AAE92E01-5CA1-4E0D-A982-1422356697E9}.Ad-Hoc|x86.Build.0 = Release|Any CPU
		{AAE92E01-5CA1-4E0D-A982-1422356697E9}.Ad-Hoc|x86.Deploy.0 = Release|Any CPU
		{AAE92E01-5CA1-4E0D-A982-1422356697E9}.AppStore|Any CPU.ActiveCfg = Release|Any CPU
		{AAE92E01-5CA1-4E0D-A982-1422356697E9}.AppStore|Any CPU.Build.0 = Release|Any CPU
		{AAE92E01-5CA1-4E0D-A982-1422356697E9}.AppStore|Any CPU.Deploy.0 = Release|Any CPU
		{AAE92E01-5CA1-4E0D-A982-1422356697E9}.AppStore|ARM.ActiveCfg = Release|Any CPU
		{AAE92E01-5CA1-4E0D-A982-1422356697E9}.AppStore|ARM.Build.0 = Release|Any CPU
		{AAE92E01-5CA1-4E0D-A982-1422356697E9}.AppStore|ARM.Deploy.0 = Release|Any CPU
		{AAE92E01-5CA1-4E0D-A982-1422356697E9}.AppStore|iPhone.ActiveCfg = Release|Any CPU
		{AAE92E01-5CA1-4E0D-A982-1422356697E9}.AppStore|iPhone.Build.0 = Release|Any CPU
		{AAE92E01-5CA1-4E0D-A982-1422356697E9}.AppStore|iPhone.Deploy.0 = Release|Any CPU
		{AAE92E01-5CA1-4E0D-A982-1422356697E9}.AppStore|iPhoneSimulator.ActiveCfg = Release|Any CPU
		{AAE92E01-5CA1-4E0D-A982-1422356697E9}.AppStore|iPhoneSimulator.Build.0 = Release|Any CPU
		{AAE92E01-5CA1-4E0D-A982-1422356697E9}.AppStore|iPhoneSimulator.Deploy.0 = Release|Any CPU
		{AAE92E01-5CA1-4E0D-A982-1422356697E9}.AppStore|x64.ActiveCfg = Release|Any CPU
		{AAE92E01-5CA1-4E0D-A982-1422356697E9}.AppStore|x64.Build.0 = Release|Any CPU
		{AAE92E01-5CA1-4E0D-A982-1422356697E9}.AppStore|x64.Deploy.0 = Release|Any CPU
		{AAE92E01-5CA1-4E0D-A982-1422356697E9}.AppStore|x86.ActiveCfg = Release|Any CPU
		{AAE92E01-5CA1-4E0D-A982-1422356697E9}.AppStore|x86.Build.0 = Release|Any CPU
		{AAE92E01-5CA1-4E0D-A982-1422356697E9}.AppStore|x86.Deploy.0 = Release|Any CPU
		{AAE92E01-5CA1-4E0D-A982-1422356697E9}.Debug|Any CPU.ActiveCfg = Debug|Any CPU
		{AAE92E01-5CA1-4E0D-A982-1422356697E9}.Debug|Any CPU.Build.0 = Debug|Any CPU
		{AAE92E01-5CA1-4E0D-A982-1422356697E9}.Debug|Any CPU.Deploy.0 = Debug|Any CPU
		{AAE92E01-5CA1-4E0D-A982-1422356697E9}.Debug|ARM.ActiveCfg = Debug|Any CPU
		{AAE92E01-5CA1-4E0D-A982-1422356697E9}.Debug|ARM.Build.0 = Debug|Any CPU
		{AAE92E01-5CA1-4E0D-A982-1422356697E9}.Debug|ARM.Deploy.0 = Debug|Any CPU
		{AAE92E01-5CA1-4E0D-A982-1422356697E9}.Debug|iPhone.ActiveCfg = Debug|Any CPU
		{AAE92E01-5CA1-4E0D-A982-1422356697E9}.Debug|iPhone.Build.0 = Debug|Any CPU
		{AAE92E01-5CA1-4E0D-A982-1422356697E9}.Debug|iPhone.Deploy.0 = Debug|Any CPU
		{AAE92E01-5CA1-4E0D-A982-1422356697E9}.Debug|iPhoneSimulator.ActiveCfg = Debug|Any CPU
		{AAE92E01-5CA1-4E0D-A982-1422356697E9}.Debug|iPhoneSimulator.Build.0 = Debug|Any CPU
		{AAE92E01-5CA1-4E0D-A982-1422356697E9}.Debug|iPhoneSimulator.Deploy.0 = Debug|Any CPU
		{AAE92E01-5CA1-4E0D-A982-1422356697E9}.Debug|x64.ActiveCfg = Debug|Any CPU
		{AAE92E01-5CA1-4E0D-A982-1422356697E9}.Debug|x64.Build.0 = Debug|Any CPU
		{AAE92E01-5CA1-4E0D-A982-1422356697E9}.Debug|x64.Deploy.0 = Debug|Any CPU
		{AAE92E01-5CA1-4E0D-A982-1422356697E9}.Debug|x86.ActiveCfg = Debug|Any CPU
		{AAE92E01-5CA1-4E0D-A982-1422356697E9}.Debug|x86.Build.0 = Debug|Any CPU
		{AAE92E01-5CA1-4E0D-A982-1422356697E9}.Debug|x86.Deploy.0 = Debug|Any CPU
		{AAE92E01-5CA1-4E0D-A982-1422356697E9}.Release|Any CPU.ActiveCfg = Release|Any CPU
		{AAE92E01-5CA1-4E0D-A982-1422356697E9}.Release|Any CPU.Build.0 = Release|Any CPU
		{AAE92E01-5CA1-4E0D-A982-1422356697E9}.Release|Any CPU.Deploy.0 = Release|Any CPU
		{AAE92E01-5CA1-4E0D-A982-1422356697E9}.Release|ARM.ActiveCfg = Release|Any CPU
		{AAE92E01-5CA1-4E0D-A982-1422356697E9}.Release|ARM.Build.0 = Release|Any CPU
		{AAE92E01-5CA1-4E0D-A982-1422356697E9}.Release|ARM.Deploy.0 = Release|Any CPU
		{AAE92E01-5CA1-4E0D-A982-1422356697E9}.Release|iPhone.ActiveCfg = Release|Any CPU
		{AAE92E01-5CA1-4E0D-A982-1422356697E9}.Release|iPhone.Build.0 = Release|Any CPU
		{AAE92E01-5CA1-4E0D-A982-1422356697E9}.Release|iPhone.Deploy.0 = Release|Any CPU
		{AAE92E01-5CA1-4E0D-A982-1422356697E9}.Release|iPhoneSimulator.ActiveCfg = Release|Any CPU
		{AAE92E01-5CA1-4E0D-A982-1422356697E9}.Release|iPhoneSimulator.Build.0 = Release|Any CPU
		{AAE92E01-5CA1-4E0D-A982-1422356697E9}.Release|iPhoneSimulator.Deploy.0 = Release|Any CPU
		{AAE92E01-5CA1-4E0D-A982-1422356697E9}.Release|x64.ActiveCfg = Release|Any CPU
		{AAE92E01-5CA1-4E0D-A982-1422356697E9}.Release|x64.Build.0 = Release|Any CPU
		{AAE92E01-5CA1-4E0D-A982-1422356697E9}.Release|x64.Deploy.0 = Release|Any CPU
		{AAE92E01-5CA1-4E0D-A982-1422356697E9}.Release|x86.ActiveCfg = Release|Any CPU
		{AAE92E01-5CA1-4E0D-A982-1422356697E9}.Release|x86.Build.0 = Release|Any CPU
		{AAE92E01-5CA1-4E0D-A982-1422356697E9}.Release|x86.Deploy.0 = Release|Any CPU
		{E340EE78-2A27-4423-BAA3-203C1873A114}.Ad-Hoc|Any CPU.ActiveCfg = Ad-Hoc|iPhone
		{E340EE78-2A27-4423-BAA3-203C1873A114}.Ad-Hoc|ARM.ActiveCfg = Ad-Hoc|iPhone
		{E340EE78-2A27-4423-BAA3-203C1873A114}.Ad-Hoc|iPhone.ActiveCfg = Ad-Hoc|iPhone
		{E340EE78-2A27-4423-BAA3-203C1873A114}.Ad-Hoc|iPhone.Build.0 = Ad-Hoc|iPhone
		{E340EE78-2A27-4423-BAA3-203C1873A114}.Ad-Hoc|iPhoneSimulator.ActiveCfg = Ad-Hoc|iPhoneSimulator
		{E340EE78-2A27-4423-BAA3-203C1873A114}.Ad-Hoc|iPhoneSimulator.Build.0 = Ad-Hoc|iPhoneSimulator
		{E340EE78-2A27-4423-BAA3-203C1873A114}.Ad-Hoc|x64.ActiveCfg = Ad-Hoc|iPhone
		{E340EE78-2A27-4423-BAA3-203C1873A114}.Ad-Hoc|x86.ActiveCfg = Ad-Hoc|iPhone
		{E340EE78-2A27-4423-BAA3-203C1873A114}.AppStore|Any CPU.ActiveCfg = AppStore|iPhone
		{E340EE78-2A27-4423-BAA3-203C1873A114}.AppStore|ARM.ActiveCfg = AppStore|iPhone
		{E340EE78-2A27-4423-BAA3-203C1873A114}.AppStore|iPhone.ActiveCfg = AppStore|iPhone
		{E340EE78-2A27-4423-BAA3-203C1873A114}.AppStore|iPhone.Build.0 = AppStore|iPhone
		{E340EE78-2A27-4423-BAA3-203C1873A114}.AppStore|iPhoneSimulator.ActiveCfg = AppStore|iPhoneSimulator
		{E340EE78-2A27-4423-BAA3-203C1873A114}.AppStore|iPhoneSimulator.Build.0 = AppStore|iPhoneSimulator
		{E340EE78-2A27-4423-BAA3-203C1873A114}.AppStore|x64.ActiveCfg = AppStore|iPhone
		{E340EE78-2A27-4423-BAA3-203C1873A114}.AppStore|x86.ActiveCfg = AppStore|iPhone
		{E340EE78-2A27-4423-BAA3-203C1873A114}.Debug|Any CPU.ActiveCfg = Debug|iPhone
		{E340EE78-2A27-4423-BAA3-203C1873A114}.Debug|ARM.ActiveCfg = Debug|iPhone
		{E340EE78-2A27-4423-BAA3-203C1873A114}.Debug|iPhone.ActiveCfg = Debug|iPhone
		{E340EE78-2A27-4423-BAA3-203C1873A114}.Debug|iPhone.Build.0 = Debug|iPhone
		{E340EE78-2A27-4423-BAA3-203C1873A114}.Debug|iPhoneSimulator.ActiveCfg = Debug|iPhoneSimulator
		{E340EE78-2A27-4423-BAA3-203C1873A114}.Debug|iPhoneSimulator.Build.0 = Debug|iPhoneSimulator
		{E340EE78-2A27-4423-BAA3-203C1873A114}.Debug|x64.ActiveCfg = Debug|iPhone
		{E340EE78-2A27-4423-BAA3-203C1873A114}.Debug|x86.ActiveCfg = Debug|iPhone
		{E340EE78-2A27-4423-BAA3-203C1873A114}.Release|Any CPU.ActiveCfg = Release|iPhone
		{E340EE78-2A27-4423-BAA3-203C1873A114}.Release|ARM.ActiveCfg = Release|iPhone
		{E340EE78-2A27-4423-BAA3-203C1873A114}.Release|iPhone.ActiveCfg = Release|iPhone
		{E340EE78-2A27-4423-BAA3-203C1873A114}.Release|iPhone.Build.0 = Release|iPhone
		{E340EE78-2A27-4423-BAA3-203C1873A114}.Release|iPhoneSimulator.ActiveCfg = Release|iPhoneSimulator
		{E340EE78-2A27-4423-BAA3-203C1873A114}.Release|iPhoneSimulator.Build.0 = Release|iPhoneSimulator
		{E340EE78-2A27-4423-BAA3-203C1873A114}.Release|x64.ActiveCfg = Release|iPhone
		{E340EE78-2A27-4423-BAA3-203C1873A114}.Release|x86.ActiveCfg = Release|iPhone
		{2A49835B-F196-4EA9-9E8A-62EADE757486}.Ad-Hoc|Any CPU.ActiveCfg = Release|Any CPU
		{2A49835B-F196-4EA9-9E8A-62EADE757486}.Ad-Hoc|Any CPU.Build.0 = Release|Any CPU
		{2A49835B-F196-4EA9-9E8A-62EADE757486}.Ad-Hoc|ARM.ActiveCfg = Release|Any CPU
		{2A49835B-F196-4EA9-9E8A-62EADE757486}.Ad-Hoc|ARM.Build.0 = Release|Any CPU
		{2A49835B-F196-4EA9-9E8A-62EADE757486}.Ad-Hoc|iPhone.ActiveCfg = Release|Any CPU
		{2A49835B-F196-4EA9-9E8A-62EADE757486}.Ad-Hoc|iPhone.Build.0 = Release|Any CPU
		{2A49835B-F196-4EA9-9E8A-62EADE757486}.Ad-Hoc|iPhoneSimulator.ActiveCfg = Release|Any CPU
		{2A49835B-F196-4EA9-9E8A-62EADE757486}.Ad-Hoc|iPhoneSimulator.Build.0 = Release|Any CPU
		{2A49835B-F196-4EA9-9E8A-62EADE757486}.Ad-Hoc|x64.ActiveCfg = Release|Any CPU
		{2A49835B-F196-4EA9-9E8A-62EADE757486}.Ad-Hoc|x64.Build.0 = Release|Any CPU
		{2A49835B-F196-4EA9-9E8A-62EADE757486}.Ad-Hoc|x86.ActiveCfg = Release|Any CPU
		{2A49835B-F196-4EA9-9E8A-62EADE757486}.Ad-Hoc|x86.Build.0 = Release|Any CPU
		{2A49835B-F196-4EA9-9E8A-62EADE757486}.AppStore|Any CPU.ActiveCfg = Release|Any CPU
		{2A49835B-F196-4EA9-9E8A-62EADE757486}.AppStore|Any CPU.Build.0 = Release|Any CPU
		{2A49835B-F196-4EA9-9E8A-62EADE757486}.AppStore|ARM.ActiveCfg = Release|Any CPU
		{2A49835B-F196-4EA9-9E8A-62EADE757486}.AppStore|ARM.Build.0 = Release|Any CPU
		{2A49835B-F196-4EA9-9E8A-62EADE757486}.AppStore|iPhone.ActiveCfg = Release|Any CPU
		{2A49835B-F196-4EA9-9E8A-62EADE757486}.AppStore|iPhone.Build.0 = Release|Any CPU
		{2A49835B-F196-4EA9-9E8A-62EADE757486}.AppStore|iPhoneSimulator.ActiveCfg = Release|Any CPU
		{2A49835B-F196-4EA9-9E8A-62EADE757486}.AppStore|iPhoneSimulator.Build.0 = Release|Any CPU
		{2A49835B-F196-4EA9-9E8A-62EADE757486}.AppStore|x64.ActiveCfg = Release|Any CPU
		{2A49835B-F196-4EA9-9E8A-62EADE757486}.AppStore|x64.Build.0 = Release|Any CPU
		{2A49835B-F196-4EA9-9E8A-62EADE757486}.AppStore|x86.ActiveCfg = Release|Any CPU
		{2A49835B-F196-4EA9-9E8A-62EADE757486}.AppStore|x86.Build.0 = Release|Any CPU
		{2A49835B-F196-4EA9-9E8A-62EADE757486}.Debug|Any CPU.ActiveCfg = Debug|Any CPU
		{2A49835B-F196-4EA9-9E8A-62EADE757486}.Debug|Any CPU.Build.0 = Debug|Any CPU
		{2A49835B-F196-4EA9-9E8A-62EADE757486}.Debug|ARM.ActiveCfg = Debug|Any CPU
		{2A49835B-F196-4EA9-9E8A-62EADE757486}.Debug|ARM.Build.0 = Debug|Any CPU
		{2A49835B-F196-4EA9-9E8A-62EADE757486}.Debug|iPhone.ActiveCfg = Debug|Any CPU
		{2A49835B-F196-4EA9-9E8A-62EADE757486}.Debug|iPhone.Build.0 = Debug|Any CPU
		{2A49835B-F196-4EA9-9E8A-62EADE757486}.Debug|iPhoneSimulator.ActiveCfg = Debug|Any CPU
		{2A49835B-F196-4EA9-9E8A-62EADE757486}.Debug|iPhoneSimulator.Build.0 = Debug|Any CPU
		{2A49835B-F196-4EA9-9E8A-62EADE757486}.Debug|x64.ActiveCfg = Debug|Any CPU
		{2A49835B-F196-4EA9-9E8A-62EADE757486}.Debug|x64.Build.0 = Debug|Any CPU
		{2A49835B-F196-4EA9-9E8A-62EADE757486}.Debug|x86.ActiveCfg = Debug|Any CPU
		{2A49835B-F196-4EA9-9E8A-62EADE757486}.Debug|x86.Build.0 = Debug|Any CPU
		{2A49835B-F196-4EA9-9E8A-62EADE757486}.Release|Any CPU.ActiveCfg = Release|Any CPU
		{2A49835B-F196-4EA9-9E8A-62EADE757486}.Release|Any CPU.Build.0 = Release|Any CPU
		{2A49835B-F196-4EA9-9E8A-62EADE757486}.Release|ARM.ActiveCfg = Release|Any CPU
		{2A49835B-F196-4EA9-9E8A-62EADE757486}.Release|ARM.Build.0 = Release|Any CPU
		{2A49835B-F196-4EA9-9E8A-62EADE757486}.Release|iPhone.ActiveCfg = Release|Any CPU
		{2A49835B-F196-4EA9-9E8A-62EADE757486}.Release|iPhone.Build.0 = Release|Any CPU
		{2A49835B-F196-4EA9-9E8A-62EADE757486}.Release|iPhoneSimulator.ActiveCfg = Release|Any CPU
		{2A49835B-F196-4EA9-9E8A-62EADE757486}.Release|iPhoneSimulator.Build.0 = Release|Any CPU
		{2A49835B-F196-4EA9-9E8A-62EADE757486}.Release|x64.ActiveCfg = Release|Any CPU
		{2A49835B-F196-4EA9-9E8A-62EADE757486}.Release|x64.Build.0 = Release|Any CPU
		{2A49835B-F196-4EA9-9E8A-62EADE757486}.Release|x86.ActiveCfg = Release|Any CPU
		{2A49835B-F196-4EA9-9E8A-62EADE757486}.Release|x86.Build.0 = Release|Any CPU
	EndGlobalSection
	GlobalSection(SolutionProperties) = preSolution
		HideSolutionNode = FALSE
	EndGlobalSection
EndGlobal
